{
  "name": "demo-es-module",
  "version": "1.0.0",
  "lockfileVersion": 1,
  "requires": true,
  "dependencies": {
    "sleep-promise": {
      "version": "2.0.0",
      "resolved": "https://registry.npmjs.org/sleep-promise/-/sleep-promise-2.0.0.tgz",
      "integrity": "sha1-5+eY3+VsBE2oWILXbSKpmARmPEE="
    }
  }
}
